
Microsoft Visual Studio Solution File, Format Version 12.00
Project("{FAE04EC0-301F-11D3-BF4B-00C04F79EFBC}") = "Baitapmang2chieu", "Baitapmang2chieu\Baitapmang2chieu.csproj", "{3065A49A-EEA2-4FA3-A8E6-2B24DCDE5A61}"
EndProject
Global
	GlobalSection(SolutionConfigurationPlatforms) = preSolution
		Debug|Any CPU = Debug|Any CPU
		Release|Any CPU = Release|Any CPU
	EndGlobalSection
	GlobalSection(ProjectConfigurationPlatforms) = postSolution
		{3065A49A-EEA2-4FA3-A8E6-2B24DCDE5A61}.Debug|Any CPU.ActiveCfg = Debug|Any CPU
		{3065A49A-EEA2-4FA3-A8E6-2B24DCDE5A61}.Debug|Any CPU.Build.0 = Debug|Any CPU
		{3065A49A-EEA2-4FA3-A8E6-2B24DCDE5A61}.Release|Any CPU.ActiveCfg = Release|Any CPU
		{3065A49A-EEA2-4FA3-A8E6-2B24DCDE5A61}.Release|Any CPU.Build.0 = Release|Any CPU
	EndGlobalSection
EndGlobal
